{
  "name": "ionic-v7nzmr",
  "version": "0.0.0",
  "lockfileVersion": 1,
  "requires": true,
  "dependencies": {
    "@angular/forms": {
      "version": "5.2.9",
      "resolved": "https://registry.npmjs.org/@angular/forms/-/forms-5.2.9.tgz",
      "integrity": "sha512-zyIOiZV/FAm1iVZWTk3Joz6Jt096hbhfDbBUrssmuiTKi9dU6rWG+Z4b88zStqulKe3HFVZkgdixWlminG8nKA==",
      "requires": {
        "tslib": "^1.7.1"
      }
    },
    "@angular/http": {
      "version": "4.1.3",
      "resolved": "https://registry.npmjs.org/@angular/http/-/http-4.1.3.tgz",
      "integrity": "sha1-650cMCoBcoFfmlczENm+C964Ra4="
    },
    "core-js": {
      "version": "3.1.4",
      "resolved": "https://registry.npmjs.org/core-js/-/core-js-3.1.4.tgz",
      "integrity": "sha512-YNZN8lt82XIMLnLirj9MhKDFZHalwzzrL9YLt6eb0T5D0EDl4IQ90IGkua8mHbnxNrkj1d8hbdizMc0Qmg1WnQ=="
    },
    "rxjs": {
    